{"version":4,"terraform_version":"1.11.5","serial":6,"lineage":"8655717a-7aa3-9958-905f-438c113648da","outputs":{"website_port":{"value":8081,"type":"number"},"website_url":{"value":"http://docker-web-alb-1304728833.eu-west-1.elb.amazonaws.com:8081","type":"string"},"yacht_port":{"value":8082,"type":"number"},"yacht_url":{"value":"http://docker-web-alb-1304728833.eu-west-1.elb.amazonaws.com:8082","type":"string"}},"resources":[{"mode":"data","type":"aws_ssm_parameter","name":"al2023_ami","provider":"provider[\"registry.opentofu.org/hashicorp/aws\"]","instances":[{"schema_version":0,"attributes":{"arn":"arn:aws:ssm:eu-west-1::parameter/aws/service/ami-amazon-linux-latest/al2023-ami-kernel-default-x86_64","id":"/aws/service/ami-amazon-linux-latest/al2023-ami-kernel-default-x86_64","insecure_value":"ami-0d1b55a6d77a0c326","name":"/aws/service/ami-amazon-linux-latest/al2023-ami-kernel-default-x86_64","type":"String","value":"ami-0d1b55a6d77a0c326","version":154,"with_decryption":true},"sensitive_attributes":[]}]},{"mode":"managed","type":"aws_autoscaling_group","name":"docker","provider":"provider[\"registry.opentofu.org/hashicorp/aws\"]","instances":[{"schema_version":1,"attributes":{"arn":"arn:aws:autoscaling:eu-west-1:280144399698:autoScalingGroup:03edb862-b403-4c04-85ca-7984b399edcb:autoScalingGroupName/docker-asg","availability_zone_distribution":[{"capacity_distribution_strategy":"balanced-best-effort"}],"availability_zones":["eu-west-1a","eu-west-1b"],"capacity_rebalance":false,"capacity_reservation_specification":[{"capacity_reservation_preference":"default","capacity_reservation_target":[]}],"context":"","default_cooldown":300,"default_instance_warmup":0,"desired_capacity":1,"desired_capacity_type":"","enabled_metrics":[],"force_delete":false,"force_delete_warm_pool":false,"health_check_grace_period":300,"health_check_type":"ELB","id":"docker-asg","ignore_failed_scaling_activities":false,"initial_lifecycle_hook":[],"instance_maintenance_policy":[],"instance_refresh":[{"preferences":[{"alarm_specification":[],"auto_rollback":false,"checkpoint_delay":"","checkpoint_percentages":[],"instance_warmup":"180","max_healthy_percentage":100,"min_healthy_percentage":100,"scale_in_protected_instances":"Ignore","skip_matching":false,"standby_instances":"Ignore"}],"strategy":"Rolling","triggers":[]}],"launch_configuration":"","launch_template":[{"id":"lt-02365770d63d6e962","name":"docker-lt-20260312123209597000000004","version":"2"}],"load_balancers":[],"max_instance_lifetime":0,"max_size":2,"metrics_granularity":"1Minute","min_elb_capacity":null,"min_size":1,"mixed_instances_policy":[],"name":"docker-asg","name_prefix":"","placement_group":"","predicted_capacity":0,"protect_from_scale_in":false,"service_linked_role_arn":"arn:aws:iam::280144399698:role/aws-service-role/autoscaling.amazonaws.com/AWSServiceRoleForAutoScaling","suspended_processes":[],"tag":[{"key":"Name","propagate_at_launch":true,"value":"docker-instance"}],"target_group_arns":["arn:aws:elasticloadbalancing:eu-west-1:280144399698:targetgroup/docker-web-tg/f37b6ca3cf2d989b","arn:aws:elasticloadbalancing:eu-west-1:280144399698:targetgroup/docker-yacht-tg/f899800b2bf99757"],"termination_policies":[],"timeouts":null,"traffic_source":[{"identifier":"arn:aws:elasticloadbalancing:eu-west-1:280144399698:targetgroup/docker-web-tg/f37b6ca3cf2d989b","type":"elbv2"},{"identifier":"arn:aws:elasticloadbalancing:eu-west-1:280144399698:targetgroup/docker-yacht-tg/f899800b2bf99757","type":"elbv2"}],"vpc_zone_identifier":["subnet-014b800869d44f3c0","subnet-070714a5d66997b0f"],"wait_for_capacity_timeout":"10m","wait_for_elb_capacity":null,"warm_pool":[],"warm_pool_size":0},"sensitive_attributes":[],"private":"eyJlMmJmYjczMC1lY2FhLTExZTYtOGY4OC0zNDM2M2JjN2M0YzAiOnsiZGVsZXRlIjo2MDAwMDAwMDAwMDAsInVwZGF0ZSI6NjAwMDAwMDAwMDAwfSwic2NoZW1hX3ZlcnNpb24iOiIxIn0=","dependencies":["aws_iam_instance_profile.ec2_profile","aws_iam_role.ec2_ssm_role","aws_launch_template.docker","aws_lb_target_group.web","aws_lb_target_group.yacht","aws_security_group.alb","aws_security_group.instance","aws_subnet.private","aws_subnet.private_b","aws_vpc.main","data.aws_ssm_parameter.al2023_ami"],"create_before_destroy":true}]},{"mode":"managed","type":"aws_eip","name":"nat","provider":"provider[\"registry.opentofu.org/hashicorp/aws\"]","instances":[{"schema_version":0,"attributes":{"address":null,"allocation_id":"eipalloc-08d4382fb8bc294b1","arn":"arn:aws:ec2:eu-west-1:280144399698:elastic-ip/eipalloc-08d4382fb8bc294b1","associate_with_private_ip":null,"association_id":"eipassoc-00ce58d48c7ab5487","carrier_ip":"","customer_owned_ip":"","customer_owned_ipv4_pool":"","domain":"vpc","id":"eipalloc-08d4382fb8bc294b1","instance":"","ipam_pool_id":null,"network_border_group":"eu-west-1","network_interface":"eni-038f67eeef2a10ca3","private_dns":"ip-10-0-1-195.eu-west-1.compute.internal","private_ip":"10.0.1.195","ptr_record":"","public_dns":"ec2-34-250-24-5.eu-west-1.compute.amazonaws.com","public_ip":"34.250.24.5","public_ipv4_pool":"amazon","tags":{"Name":"docker-nat-eip"},"tags_all":{"Name":"docker-nat-eip"},"timeouts":null,"vpc":true},"sensitive_attributes":[],"private":"eyJlMmJmYjczMC1lY2FhLTExZTYtOGY4OC0zNDM2M2JjN2M0YzAiOnsiZGVsZXRlIjoxODAwMDAwMDAwMDAsInJlYWQiOjkwMDAwMDAwMDAwMCwidXBkYXRlIjozMDAwMDAwMDAwMDB9fQ=="}]},{"mode":"managed","type":"aws_iam_instance_profile","name":"ec2_profile","provider":"provider[\"registry.opentofu.org/hashicorp/aws\"]","instances":[{"schema_version":0,"attributes":{"arn":"arn:aws:iam::280144399698:instance-profile/docker-ec2-instance-profile","create_date":"2026-03-12T12:31:55Z","id":"docker-ec2-instance-profile","name":"docker-ec2-instance-profile","name_prefix":"","path":"/","role":"docker-ec2-ssm-role","tags":{},"tags_all":{},"unique_id":"AIPAUCOPIJVJJAS7XWQJL"},"sensitive_attributes":[],"private":"bnVsbA==","dependencies":["aws_iam_role.ec2_ssm_role"],"create_before_destroy":true}]},{"mode":"managed","type":"aws_iam_role","name":"ec2_ssm_role","provider":"provider[\"registry.opentofu.org/hashicorp/aws\"]","instances":[{"schema_version":0,"attributes":{"arn":"arn:aws:iam::280144399698:role/docker-ec2-ssm-role","assume_role_policy":"{\"Statement\":[{\"Action\":\"sts:AssumeRole\",\"Effect\":\"Allow\",\"Principal\":{\"Service\":\"ec2.amazonaws.com\"}}],\"Version\":\"2012-10-17\"}","create_date":"2026-03-12T12:31:54Z","description":"","force_detach_policies":false,"id":"docker-ec2-ssm-role","inline_policy":[],"managed_policy_arns":["arn:aws:iam::aws:policy/AmazonSSMManagedInstanceCore"],"max_session_duration":3600,"name":"docker-ec2-ssm-role","name_prefix":"","path":"/","permissions_boundary":"","tags":{},"tags_all":{},"unique_id":"AROAUCOPIJVJP33CKVCOU"},"sensitive_attributes":[],"private":"bnVsbA==","create_before_destroy":true}]},{"mode":"managed","type":"aws_iam_role_policy_attachment","name":"ec2_ssm_core","provider":"provider[\"registry.opentofu.org/hashicorp/aws\"]","instances":[{"schema_version":0,"attributes":{"id":"docker-ec2-ssm-role-20260312123155018200000001","policy_arn":"arn:aws:iam::aws:policy/AmazonSSMManagedInstanceCore","role":"docker-ec2-ssm-role"},"sensitive_attributes":[],"private":"bnVsbA==","dependencies":["aws_iam_role.ec2_ssm_role"]}]},{"mode":"managed","type":"aws_internet_gateway","name":"main","provider":"provider[\"registry.opentofu.org/hashicorp/aws\"]","instances":[{"schema_version":0,"attributes":{"arn":"arn:aws:ec2:eu-west-1:280144399698:internet-gateway/igw-0b329bfcec43fda33","id":"igw-0b329bfcec43fda33","owner_id":"280144399698","tags":{"Name":"docker-igw"},"tags_all":{"Name":"docker-igw"},"timeouts":null,"vpc_id":"vpc-08f4ee0a0e66d239e"},"sensitive_attributes":[],"private":"eyJlMmJmYjczMC1lY2FhLTExZTYtOGY4OC0zNDM2M2JjN2M0YzAiOnsiY3JlYXRlIjoxMjAwMDAwMDAwMDAwLCJkZWxldGUiOjEyMDAwMDAwMDAwMDAsInVwZGF0ZSI6MTIwMDAwMDAwMDAwMH19","dependencies":["aws_vpc.main"]}]},{"mode":"managed","type":"aws_launch_template","name":"docker","provider":"provider[\"registry.opentofu.org/hashicorp/aws\"]","instances":[{"schema_version":0,"attributes":{"arn":"arn:aws:ec2:eu-west-1:280144399698:launch-template/lt-02365770d63d6e962","block_device_mappings":[],"capacity_reservation_specification":[],"cpu_options":[],"credit_specification":[],"default_version":1,"description":"","disable_api_stop":false,"disable_api_termination":false,"ebs_optimized":"","elastic_gpu_specifications":[],"elastic_inference_accelerator":[],"enclave_options":[],"hibernation_options":[],"iam_instance_profile":[{"arn":"","name":"docker-ec2-instance-profile"}],"id":"lt-02365770d63d6e962","image_id":"ami-0d1b55a6d77a0c326","instance_initiated_shutdown_behavior":"","instance_market_options":[],"instance_requirements":[],"instance_type":"t2.micro","kernel_id":"","key_name":"","latest_version":2,"license_specification":[],"maintenance_options":[],"metadata_options":[],"monitoring":[],"name":"docker-lt-20260312123209597000000004","name_prefix":"docker-lt-","network_interfaces":[{"associate_carrier_ip_address":"","associate_public_ip_address":"false","connection_tracking_specification":[],"delete_on_termination":"","description":"","device_index":0,"ena_srd_specification":[],"interface_type":"","ipv4_address_count":0,"ipv4_addresses":[],"ipv4_prefix_count":0,"ipv4_prefixes":[],"ipv6_address_count":0,"ipv6_addresses":[],"ipv6_prefix_count":0,"ipv6_prefixes":[],"network_card_index":0,"network_interface_id":"","primary_ipv6":"","private_ip_address":"","security_groups":["sg-02e39f2ce4d0962b6"],"subnet_id":""}],"placement":[],"private_dns_name_options":[],"ram_disk_id":"","security_group_names":[],"tag_specifications":[{"resource_type":"instance","tags":{"Name":"docker-instance"}}],"tags":{},"tags_all":{},"update_default_version":null,"user_data":"IyEvYmluL2Jhc2gKc2V0IC1ldXhvIHBpcGVmYWlsCmV4ZWMgPiA+KHRlZSAtYSAvdmFyL2xvZy91c2VyLWRhdGEubG9nIHwgbG9nZ2VyIC10IHVzZXItZGF0YSAtcyAyPi9kZXYvY29uc29sZSkgMj4mMQoKcmV0cnkoKSB7Cglsb2NhbCBhdHRlbXB0cz0kMQoJc2hpZnQKCWxvY2FsIG49MQoJdW50aWwgIiRAIjsgZG8KCQlpZiBbICIkbiIgLWdlICIkYXR0ZW1wdHMiIF07IHRoZW4KCQkJcmV0dXJuIDEKCQlmaQoJCW49JCgobiArIDEpKQoJCXNsZWVwIDUKCWRvbmUKfQoKZW5zdXJlX2RvY2tlcigpIHsKCWlmICEgY29tbWFuZCAtdiBkb2NrZXIgPi9kZXYvbnVsbCAyPiYxOyB0aGVuCgkJaWYgY29tbWFuZCAtdiBkbmYgPi9kZXYvbnVsbCAyPiYxOyB0aGVuCgkJCXJldHJ5IDUgZG5mIG1ha2VjYWNoZSAteSB8fCB0cnVlCgkJCXJldHJ5IDUgZG5mIGluc3RhbGwgLXkgZG9ja2VyIHx8IHJldHJ5IDUgZG5mIGluc3RhbGwgLXkgbW9ieS1lbmdpbmUKCQllbGlmIGNvbW1hbmQgLXYgeXVtID4vZGV2L251bGwgMj4mMTsgdGhlbgoJCQlyZXRyeSA1IHl1bSBpbnN0YWxsIC15IGRvY2tlcgoJCWVsc2UKCQkJZWNobyAiTm8gc3VwcG9ydGVkIHBhY2thZ2UgbWFuYWdlciBmb3VuZCBmb3IgRG9ja2VyIGluc3RhbGwiCgkJCWV4aXQgMQoJCWZpCglmaQoKCWlmICEgY29tbWFuZCAtdiBkb2NrZXIgPi9kZXYvbnVsbCAyPiYxOyB0aGVuCgkJZWNobyAiRG9ja2VyIGluc3RhbGxhdGlvbiBkaWQgbm90IGNvbXBsZXRlIgoJCWV4aXQgMQoJZmkKCglzeXN0ZW1jdGwgZW5hYmxlIC0tbm93IGRvY2tlcgoJcmV0cnkgMTIgZG9ja2VyIGluZm8KCglpZiAhIGlkIC1uRyBlYzItdXNlciB8IGdyZXAgLXF3IGRvY2tlcjsgdGhlbgoJCXVzZXJtb2QgLWFHIGRvY2tlciBlYzItdXNlcgoJZmkKfQoKZGVwbG95X25naW54KCkgewoJbWtkaXIgLXAgL29wdC9hcHAKCUlOU1RBTkNFX05BTUU9JChob3N0bmFtZSkKCURFUExPWV9USU1FPSQoZGF0ZSAtdSArIiVZLSVtLSVkVCVIOiVNOiVTWiIpCglwcmludGYgJyVzXG4nIFwKCSAgJ0ZST00gbmdpbng6YWxwaW5lJyBcCgkgICdDT1BZIGluZGV4Lmh0bWwgL3Vzci9zaGFyZS9uZ2lueC9odG1sL2luZGV4Lmh0bWwnIFwKCSAgJ0VYUE9TRSA4MCcgXAoJICA+IC9vcHQvYXBwL0RvY2tlcmZpbGUKCgllY2hvICdQQ0ZrYjJOMGVYQmxJR2gwYld3K0NqeG9kRzFzUGdvZ0lEeG9aV0ZrUGdvZ0lDQWdQRzFsZEdFZ1kyaGhjbk5sZEQwaWRYUm1MVGdpSUM4K0NpQWdJQ0E4ZEdsMGJHVStSVU15SUVSdlkydGxjaUJFWlcxdlBDOTBhWFJzWlQ0S0lDQThMMmhsWVdRK0NpQWdQR0p2WkhrK0NpQWdJQ0E4YURFK1NHVnNiRzhnWm5KdmJTQkViMk5yWlhJZ2IyNGdSVU15UEM5b01UNEtJQ0FnSUR4d1BrbHVjM1JoYm1ObElFNWhiV1U2SUY5ZlNVNVRWRUZPUTBWZlRrRk5SVjlmUEM5d1Bnb2dJQ0FnUEhBK1JHVndiRzk1SUZScGJXVWdLRlZVUXlrNklGOWZSRVZRVEU5WlgxUkpUVVZmWHp3dmNENEtJQ0E4TDJKdlpIaytDand2YUhSdGJENEsnIHwgYmFzZTY0IC1kID4gL29wdC9hcHAvaW5kZXguaHRtbAoKCXNlZCAtaSBcCgkgIC1lICJzfF9fSU5TVEFOQ0VfTkFNRV9ffCR7SU5TVEFOQ0VfTkFNRX18ZyIgXAoJICAtZSAic3xfX0RFUExPWV9USU1FX198JHtERVBMT1lfVElNRX18ZyIgXAoJICAvb3B0L2FwcC9pbmRleC5odG1sCgoJZG9ja2VyIGJ1aWxkIC10IGVjMi1kb2NrZXItZGVtbzpsYXRlc3QgL29wdC9hcHAKCWRvY2tlciBybSAtZiBlYzItZG9ja2VyLWRlbW8gPi9kZXYvbnVsbCAyPiYxIHx8IHRydWUKCWRvY2tlciBydW4gLWQgLS1uYW1lIGVjMi1kb2NrZXItZGVtbyAtcCA4MDo4MCAtLXJlc3RhcnQgdW5sZXNzLXN0b3BwZWQgZWMyLWRvY2tlci1kZW1vOmxhdGVzdAp9CgpkZXBsb3lfeWFjaHQoKSB7Cglkb2NrZXIgdm9sdW1lIGNyZWF0ZSB5YWNodC1kYXRhID4vZGV2L251bGwKCWRvY2tlciBybSAtZiB5YWNodCA+L2Rldi9udWxsIDI+JjEgfHwgdHJ1ZQoJZG9ja2VyIHJ1biAtZCAtLW5hbWUgeWFjaHQgLXAgODAwMDo4MDAwIC0tcmVzdGFydCB1bmxlc3Mtc3RvcHBlZCBcCgkgIC1lIEFETUlOX0VNQUlMPWFkbWluQHlhY2h0LmxvY2FsIFwKCSAgLWUgQURNSU5fUEFTU1dPUkQ9J05ld1dvcmxkMjQnIFwKCSAgLXYgL3Zhci9ydW4vZG9ja2VyLnNvY2s6L3Zhci9ydW4vZG9ja2VyLnNvY2sgXAoJICAtdiB5YWNodC1kYXRhOi9jb25maWcgXAoJICBzZWxmaG9zdGVkcHJvL3lhY2h0OmxhdGVzdAp9CgplbnN1cmVfZG9ja2VyCmRlcGxveV9uZ2lueApkZXBsb3lfeWFjaHQK","vpc_security_group_ids":[]},"sensitive_attributes":[[{"type":"get_attr","value":"image_id"}],[{"type":"get_attr","value":"user_data"}]],"private":"bnVsbA==","dependencies":["aws_iam_instance_profile.ec2_profile","aws_iam_role.ec2_ssm_role","aws_security_group.alb","aws_security_group.instance","aws_vpc.main","data.aws_ssm_parameter.al2023_ami"],"create_before_destroy":true}]},{"mode":"managed","type":"aws_lb","name":"web","provider":"provider[\"registry.opentofu.org/hashicorp/aws\"]","instances":[{"schema_version":0,"attributes":{"access_logs":[{"bucket":"","enabled":false,"prefix":""}],"arn":"arn:aws:elasticloadbalancing:eu-west-1:280144399698:loadbalancer/app/docker-web-alb/29c9729c9aba7d96","arn_suffix":"app/docker-web-alb/29c9729c9aba7d96","client_keep_alive":3600,"connection_logs":[{"bucket":"","enabled":false,"prefix":""}],"customer_owned_ipv4_pool":"","desync_mitigation_mode":"defensive","dns_name":"docker-web-alb-1304728833.eu-west-1.elb.amazonaws.com","dns_record_client_routing_policy":null,"drop_invalid_header_fields":false,"enable_cross_zone_load_balancing":true,"enable_deletion_protection":false,"enable_http2":true,"enable_tls_version_and_cipher_suite_headers":false,"enable_waf_fail_open":false,"enable_xff_client_port":false,"enable_zonal_shift":false,"enforce_security_group_inbound_rules_on_private_link_traffic":"","id":"arn:aws:elasticloadbalancing:eu-west-1:280144399698:loadbalancer/app/docker-web-alb/29c9729c9aba7d96","idle_timeout":60,"internal":false,"ip_address_type":"ipv4","ipam_pools":[],"load_balancer_type":"application","minimum_load_balancer_capacity":[],"name":"docker-web-alb","name_prefix":"","preserve_host_header":false,"security_groups":["sg-0042f878a777dd311"],"subnet_mapping":[{"allocation_id":"","ipv6_address":"","outpost_id":"","private_ipv4_address":"","subnet_id":"subnet-02eb03a5fee7ae48b"},{"allocation_id":"","ipv6_address":"","outpost_id":"","private_ipv4_address":"","subnet_id":"subnet-0a450cf18916efc3d"}],"subnets":["subnet-02eb03a5fee7ae48b","subnet-0a450cf18916efc3d"],"tags":{"Name":"docker-web-alb"},"tags_all":{"Name":"docker-web-alb"},"timeouts":null,"vpc_id":"vpc-08f4ee0a0e66d239e","xff_header_processing_mode":"append","zone_id":"Z32O12XQLNTSW2"},"sensitive_attributes":[],"private":"eyJlMmJmYjczMC1lY2FhLTExZTYtOGY4OC0zNDM2M2JjN2M0YzAiOnsiY3JlYXRlIjo2MDAwMDAwMDAwMDAsImRlbGV0ZSI6NjAwMDAwMDAwMDAwLCJ1cGRhdGUiOjYwMDAwMDAwMDAwMH19","dependencies":["aws_security_group.alb","aws_subnet.public","aws_subnet.public_b","aws_vpc.main"]}]},{"mode":"managed","type":"aws_lb_listener","name":"web_8081","provider":"provider[\"registry.opentofu.org/hashicorp/aws\"]","instances":[{"schema_version":0,"attributes":{"alpn_policy":null,"arn":"arn:aws:elasticloadbalancing:eu-west-1:280144399698:listener/app/docker-web-alb/29c9729c9aba7d96/bfaf69bd7a2e53dd","certificate_arn":null,"default_action":[{"authenticate_cognito":[],"authenticate_oidc":[],"fixed_response":[],"forward":[],"order":1,"redirect":[],"target_group_arn":"arn:aws:elasticloadbalancing:eu-west-1:280144399698:targetgroup/docker-web-tg/f37b6ca3cf2d989b","type":"forward"}],"id":"arn:aws:elasticloadbalancing:eu-west-1:280144399698:listener/app/docker-web-alb/29c9729c9aba7d96/bfaf69bd7a2e53dd","load_balancer_arn":"arn:aws:elasticloadbalancing:eu-west-1:280144399698:loadbalancer/app/docker-web-alb/29c9729c9aba7d96","mutual_authentication":[],"port":8081,"protocol":"HTTP","routing_http_request_x_amzn_mtls_clientcert_header_name":null,"routing_http_request_x_amzn_mtls_clientcert_issuer_header_name":null,"routing_http_request_x_amzn_mtls_clientcert_leaf_header_name":null,"routing_http_request_x_amzn_mtls_clientcert_serial_number_header_name":null,"routing_http_request_x_amzn_mtls_clientcert_subject_header_name":null,"routing_http_request_x_amzn_mtls_clientcert_validity_header_name":null,"routing_http_request_x_amzn_tls_cipher_suite_header_name":null,"routing_http_request_x_amzn_tls_version_header_name":null,"routing_http_response_access_control_allow_credentials_header_value":"","routing_http_response_access_control_allow_headers_header_value":"","routing_http_response_access_control_allow_methods_header_value":"","routing_http_response_access_control_allow_origin_header_value":"","routing_http_response_access_control_expose_headers_header_value":"","routing_http_response_access_control_max_age_header_value":"","routing_http_response_content_security_policy_header_value":"","routing_http_response_server_enabled":true,"routing_http_response_strict_transport_security_header_value":"","routing_http_response_x_content_type_options_header_value":"","routing_http_response_x_frame_options_header_value":"","ssl_policy":"","tags":{},"tags_all":{},"tcp_idle_timeout_seconds":null,"timeouts":null},"sensitive_attributes":[],"private":"eyJlMmJmYjczMC1lY2FhLTExZTYtOGY4OC0zNDM2M2JjN2M0YzAiOnsiY3JlYXRlIjozMDAwMDAwMDAwMDAsInVwZGF0ZSI6MzAwMDAwMDAwMDAwfX0=","dependencies":["aws_lb.web","aws_lb_target_group.web","aws_security_group.alb","aws_subnet.public","aws_subnet.public_b","aws_vpc.main"]}]},{"mode":"managed","type":"aws_lb_listener","name":"yacht_8082","provider":"provider[\"registry.opentofu.org/hashicorp/aws\"]","instances":[{"schema_version":0,"attributes":{"alpn_policy":null,"arn":"arn:aws:elasticloadbalancing:eu-west-1:280144399698:listener/app/docker-web-alb/29c9729c9aba7d96/074b8252e69dde7b","certificate_arn":null,"default_action":[{"authenticate_cognito":[],"authenticate_oidc":[],"fixed_response":[],"forward":[],"order":1,"redirect":[],"target_group_arn":"arn:aws:elasticloadbalancing:eu-west-1:280144399698:targetgroup/docker-yacht-tg/f899800b2bf99757","type":"forward"}],"id":"arn:aws:elasticloadbalancing:eu-west-1:280144399698:listener/app/docker-web-alb/29c9729c9aba7d96/074b8252e69dde7b","load_balancer_arn":"arn:aws:elasticloadbalancing:eu-west-1:280144399698:loadbalancer/app/docker-web-alb/29c9729c9aba7d96","mutual_authentication":[],"port":8082,"protocol":"HTTP","routing_http_request_x_amzn_mtls_clientcert_header_name":null,"routing_http_request_x_amzn_mtls_clientcert_issuer_header_name":null,"routing_http_request_x_amzn_mtls_clientcert_leaf_header_name":null,"routing_http_request_x_amzn_mtls_clientcert_serial_number_header_name":null,"routing_http_request_x_amzn_mtls_clientcert_subject_header_name":null,"routing_http_request_x_amzn_mtls_clientcert_validity_header_name":null,"routing_http_request_x_amzn_tls_cipher_suite_header_name":null,"routing_http_request_x_amzn_tls_version_header_name":null,"routing_http_response_access_control_allow_credentials_header_value":"","routing_http_response_access_control_allow_headers_header_value":"","routing_http_response_access_control_allow_methods_header_value":"","routing_http_response_access_control_allow_origin_header_value":"","routing_http_response_access_control_expose_headers_header_value":"","routing_http_response_access_control_max_age_header_value":"","routing_http_response_content_security_policy_header_value":"","routing_http_response_server_enabled":true,"routing_http_response_strict_transport_security_header_value":"","routing_http_response_x_content_type_options_header_value":"","routing_http_response_x_frame_options_header_value":"","ssl_policy":"","tags":{},"tags_all":{},"tcp_idle_timeout_seconds":null,"timeouts":null},"sensitive_attributes":[],"private":"eyJlMmJmYjczMC1lY2FhLTExZTYtOGY4OC0zNDM2M2JjN2M0YzAiOnsiY3JlYXRlIjozMDAwMDAwMDAwMDAsInVwZGF0ZSI6MzAwMDAwMDAwMDAwfX0=","dependencies":["aws_lb.web","aws_lb_target_group.yacht","aws_security_group.alb","aws_subnet.public","aws_subnet.public_b","aws_vpc.main"]}]},{"mode":"managed","type":"aws_lb_target_group","name":"web","provider":"provider[\"registry.opentofu.org/hashicorp/aws\"]","instances":[{"schema_version":0,"attributes":{"arn":"arn:aws:elasticloadbalancing:eu-west-1:280144399698:targetgroup/docker-web-tg/f37b6ca3cf2d989b","arn_suffix":"targetgroup/docker-web-tg/f37b6ca3cf2d989b","connection_termination":null,"deregistration_delay":"300","health_check":[{"enabled":true,"healthy_threshold":2,"interval":15,"matcher":"200","path":"/index.html","port":"traffic-port","protocol":"HTTP","timeout":10,"unhealthy_threshold":5}],"id":"arn:aws:elasticloadbalancing:eu-west-1:280144399698:targetgroup/docker-web-tg/f37b6ca3cf2d989b","ip_address_type":"ipv4","lambda_multi_value_headers_enabled":false,"load_balancer_arns":["arn:aws:elasticloadbalancing:eu-west-1:280144399698:loadbalancer/app/docker-web-alb/29c9729c9aba7d96"],"load_balancing_algorithm_type":"round_robin","load_balancing_anomaly_mitigation":"off","load_balancing_cross_zone_enabled":"use_load_balancer_configuration","name":"docker-web-tg","name_prefix":"","port":80,"preserve_client_ip":null,"protocol":"HTTP","protocol_version":"HTTP1","proxy_protocol_v2":false,"slow_start":0,"stickiness":[{"cookie_duration":86400,"cookie_name":"","enabled":false,"type":"lb_cookie"}],"tags":{},"tags_all":{},"target_failover":[{"on_deregistration":null,"on_unhealthy":null}],"target_group_health":[{"dns_failover":[{"minimum_healthy_targets_count":"1","minimum_healthy_targets_percentage":"off"}],"unhealthy_state_routing":[{"minimum_healthy_targets_count":1,"minimum_healthy_targets_percentage":"off"}]}],"target_health_state":[{"enable_unhealthy_connection_termination":null,"unhealthy_draining_interval":null}],"target_type":"instance","vpc_id":"vpc-08f4ee0a0e66d239e"},"sensitive_attributes":[],"private":"bnVsbA==","dependencies":["aws_vpc.main"],"create_before_destroy":true}]},{"mode":"managed","type":"aws_lb_target_group","name":"yacht","provider":"provider[\"registry.opentofu.org/hashicorp/aws\"]","instances":[{"schema_version":0,"attributes":{"arn":"arn:aws:elasticloadbalancing:eu-west-1:280144399698:targetgroup/docker-yacht-tg/f899800b2bf99757","arn_suffix":"targetgroup/docker-yacht-tg/f899800b2bf99757","connection_termination":null,"deregistration_delay":"300","health_check":[{"enabled":true,"healthy_threshold":2,"interval":15,"matcher":"200-399","path":"/","port":"traffic-port","protocol":"HTTP","timeout":10,"unhealthy_threshold":5}],"id":"arn:aws:elasticloadbalancing:eu-west-1:280144399698:targetgroup/docker-yacht-tg/f899800b2bf99757","ip_address_type":"ipv4","lambda_multi_value_headers_enabled":false,"load_balancer_arns":["arn:aws:elasticloadbalancing:eu-west-1:280144399698:loadbalancer/app/docker-web-alb/29c9729c9aba7d96"],"load_balancing_algorithm_type":"round_robin","load_balancing_anomaly_mitigation":"off","load_balancing_cross_zone_enabled":"use_load_balancer_configuration","name":"docker-yacht-tg","name_prefix":"","port":8000,"preserve_client_ip":null,"protocol":"HTTP","protocol_version":"HTTP1","proxy_protocol_v2":false,"slow_start":0,"stickiness":[{"cookie_duration":86400,"cookie_name":"","enabled":false,"type":"lb_cookie"}],"tags":{},"tags_all":{},"target_failover":[{"on_deregistration":null,"on_unhealthy":null}],"target_group_health":[{"dns_failover":[{"minimum_healthy_targets_count":"1","minimum_healthy_targets_percentage":"off"}],"unhealthy_state_routing":[{"minimum_healthy_targets_count":1,"minimum_healthy_targets_percentage":"off"}]}],"target_health_state":[{"enable_unhealthy_connection_termination":null,"unhealthy_draining_interval":null}],"target_type":"instance","vpc_id":"vpc-08f4ee0a0e66d239e"},"sensitive_attributes":[],"private":"bnVsbA==","dependencies":["aws_vpc.main"],"create_before_destroy":true}]},{"mode":"managed","type":"aws_nat_gateway","name":"main","provider":"provider[\"registry.opentofu.org/hashicorp/aws\"]","instances":[{"schema_version":0,"attributes":{"allocation_id":"eipalloc-08d4382fb8bc294b1","association_id":"eipassoc-00ce58d48c7ab5487","connectivity_type":"public","id":"nat-04fb987cf26c3e405","network_interface_id":"eni-038f67eeef2a10ca3","private_ip":"10.0.1.195","public_ip":"34.250.24.5","secondary_allocation_ids":[],"secondary_private_ip_address_count":0,"secondary_private_ip_addresses":[],"subnet_id":"subnet-02eb03a5fee7ae48b","tags":{"Name":"docker-nat"},"tags_all":{"Name":"docker-nat"},"timeouts":null},"sensitive_attributes":[],"private":"eyJlMmJmYjczMC1lY2FhLTExZTYtOGY4OC0zNDM2M2JjN2M0YzAiOnsiY3JlYXRlIjo2MDAwMDAwMDAwMDAsImRlbGV0ZSI6MTgwMDAwMDAwMDAwMCwidXBkYXRlIjo2MDAwMDAwMDAwMDB9fQ==","dependencies":["aws_eip.nat","aws_internet_gateway.main","aws_subnet.public","aws_vpc.main"]}]},{"mode":"managed","type":"aws_route_table","name":"private","provider":"provider[\"registry.opentofu.org/hashicorp/aws\"]","instances":[{"schema_version":0,"attributes":{"arn":"arn:aws:ec2:eu-west-1:280144399698:route-table/rtb-05e4622eb5207b675","id":"rtb-05e4622eb5207b675","owner_id":"280144399698","propagating_vgws":[],"route":[{"carrier_gateway_id":"","cidr_block":"0.0.0.0/0","core_network_arn":"","destination_prefix_list_id":"","egress_only_gateway_id":"","gateway_id":"","ipv6_cidr_block":"","local_gateway_id":"","nat_gateway_id":"nat-04fb987cf26c3e405","network_interface_id":"","transit_gateway_id":"","vpc_endpoint_id":"","vpc_peering_connection_id":""}],"tags":{"Name":"docker-private-rt"},"tags_all":{"Name":"docker-private-rt"},"timeouts":null,"vpc_id":"vpc-08f4ee0a0e66d239e"},"sensitive_attributes":[],"private":"eyJlMmJmYjczMC1lY2FhLTExZTYtOGY4OC0zNDM2M2JjN2M0YzAiOnsiY3JlYXRlIjozMDAwMDAwMDAwMDAsImRlbGV0ZSI6MzAwMDAwMDAwMDAwLCJ1cGRhdGUiOjEyMDAwMDAwMDAwMH19","dependencies":["aws_eip.nat","aws_internet_gateway.main","aws_nat_gateway.main","aws_subnet.public","aws_vpc.main"]}]},{"mode":"managed","type":"aws_route_table","name":"public","provider":"provider[\"registry.opentofu.org/hashicorp/aws\"]","instances":[{"schema_version":0,"attributes":{"arn":"arn:aws:ec2:eu-west-1:280144399698:route-table/rtb-09a7245bf115ca999","id":"rtb-09a7245bf115ca999","owner_id":"280144399698","propagating_vgws":[],"route":[{"carrier_gateway_id":"","cidr_block":"0.0.0.0/0","core_network_arn":"","destination_prefix_list_id":"","egress_only_gateway_id":"","gateway_id":"igw-0b329bfcec43fda33","ipv6_cidr_block":"","local_gateway_id":"","nat_gateway_id":"","network_interface_id":"","transit_gateway_id":"","vpc_endpoint_id":"","vpc_peering_connection_id":""}],"tags":{"Name":"docker-public-rt"},"tags_all":{"Name":"docker-public-rt"},"timeouts":null,"vpc_id":"vpc-08f4ee0a0e66d239e"},"sensitive_attributes":[],"private":"eyJlMmJmYjczMC1lY2FhLTExZTYtOGY4OC0zNDM2M2JjN2M0YzAiOnsiY3JlYXRlIjozMDAwMDAwMDAwMDAsImRlbGV0ZSI6MzAwMDAwMDAwMDAwLCJ1cGRhdGUiOjEyMDAwMDAwMDAwMH19","dependencies":["aws_internet_gateway.main","aws_vpc.main"]}]},{"mode":"managed","type":"aws_route_table_association","name":"private","provider":"provider[\"registry.opentofu.org/hashicorp/aws\"]","instances":[{"schema_version":0,"attributes":{"gateway_id":"","id":"rtbassoc-0b1c04e5403d04963","route_table_id":"rtb-05e4622eb5207b675","subnet_id":"subnet-070714a5d66997b0f","timeouts":null},"sensitive_attributes":[],"private":"eyJlMmJmYjczMC1lY2FhLTExZTYtOGY4OC0zNDM2M2JjN2M0YzAiOnsiY3JlYXRlIjozMDAwMDAwMDAwMDAsImRlbGV0ZSI6MzAwMDAwMDAwMDAwLCJ1cGRhdGUiOjEyMDAwMDAwMDAwMH19","dependencies":["aws_eip.nat","aws_internet_gateway.main","aws_nat_gateway.main","aws_route_table.private","aws_subnet.private","aws_subnet.public","aws_vpc.main"]}]},{"mode":"managed","type":"aws_route_table_association","name":"private_b","provider":"provider[\"registry.opentofu.org/hashicorp/aws\"]","instances":[{"schema_version":0,"attributes":{"gateway_id":"","id":"rtbassoc-0f2bed512de7f27fd","route_table_id":"rtb-05e4622eb5207b675","subnet_id":"subnet-014b800869d44f3c0","timeouts":null},"sensitive_attributes":[],"private":"eyJlMmJmYjczMC1lY2FhLTExZTYtOGY4OC0zNDM2M2JjN2M0YzAiOnsiY3JlYXRlIjozMDAwMDAwMDAwMDAsImRlbGV0ZSI6MzAwMDAwMDAwMDAwLCJ1cGRhdGUiOjEyMDAwMDAwMDAwMH19","dependencies":["aws_eip.nat","aws_internet_gateway.main","aws_nat_gateway.main","aws_route_table.private","aws_subnet.private_b","aws_subnet.public","aws_vpc.main"]}]},{"mode":"managed","type":"aws_route_table_association","name":"public","provider":"provider[\"registry.opentofu.org/hashicorp/aws\"]","instances":[{"schema_version":0,"attributes":{"gateway_id":"","id":"rtbassoc-07fef67ce00769e38","route_table_id":"rtb-09a7245bf115ca999","subnet_id":"subnet-02eb03a5fee7ae48b","timeouts":null},"sensitive_attributes":[],"private":"eyJlMmJmYjczMC1lY2FhLTExZTYtOGY4OC0zNDM2M2JjN2M0YzAiOnsiY3JlYXRlIjozMDAwMDAwMDAwMDAsImRlbGV0ZSI6MzAwMDAwMDAwMDAwLCJ1cGRhdGUiOjEyMDAwMDAwMDAwMH19","dependencies":["aws_internet_gateway.main","aws_route_table.public","aws_subnet.public","aws_vpc.main"]}]},{"mode":"managed","type":"aws_route_table_association","name":"public_b","provider":"provider[\"registry.opentofu.org/hashicorp/aws\"]","instances":[{"schema_version":0,"attributes":{"gateway_id":"","id":"rtbassoc-04bb08b735768a3c1","route_table_id":"rtb-09a7245bf115ca999","subnet_id":"subnet-0a450cf18916efc3d","timeouts":null},"sensitive_attributes":[],"private":"eyJlMmJmYjczMC1lY2FhLTExZTYtOGY4OC0zNDM2M2JjN2M0YzAiOnsiY3JlYXRlIjozMDAwMDAwMDAwMDAsImRlbGV0ZSI6MzAwMDAwMDAwMDAwLCJ1cGRhdGUiOjEyMDAwMDAwMDAwMH19","dependencies":["aws_internet_gateway.main","aws_route_table.public","aws_subnet.public_b","aws_vpc.main"]}]},{"mode":"managed","type":"aws_security_group","name":"alb","provider":"provider[\"registry.opentofu.org/hashicorp/aws\"]","instances":[{"schema_version":1,"attributes":{"arn":"arn:aws:ec2:eu-west-1:280144399698:security-group/sg-0042f878a777dd311","description":"Allow HTTP 8081 from internet and all outbound traffic","egress":[{"cidr_blocks":["0.0.0.0/0"],"description":"","from_port":0,"ipv6_cidr_blocks":[],"prefix_list_ids":[],"protocol":"-1","security_groups":[],"self":false,"to_port":0}],"id":"sg-0042f878a777dd311","ingress":[{"cidr_blocks":["0.0.0.0/0"],"description":"","from_port":8081,"ipv6_cidr_blocks":[],"prefix_list_ids":[],"protocol":"tcp","security_groups":[],"self":false,"to_port":8081},{"cidr_blocks":["0.0.0.0/0"],"description":"","from_port":8082,"ipv6_cidr_blocks":[],"prefix_list_ids":[],"protocol":"tcp","security_groups":[],"self":false,"to_port":8082}],"name":"docker-alb-sg-20260312123205572300000002","name_prefix":"docker-alb-sg-","owner_id":"280144399698","revoke_rules_on_delete":false,"tags":{"Name":"docker-alb-sg"},"tags_all":{"Name":"docker-alb-sg"},"timeouts":null,"vpc_id":"vpc-08f4ee0a0e66d239e"},"sensitive_attributes":[],"private":"eyJlMmJmYjczMC1lY2FhLTExZTYtOGY4OC0zNDM2M2JjN2M0YzAiOnsiY3JlYXRlIjo2MDAwMDAwMDAwMDAsImRlbGV0ZSI6OTAwMDAwMDAwMDAwfSwic2NoZW1hX3ZlcnNpb24iOiIxIn0=","dependencies":["aws_vpc.main"],"create_before_destroy":true}]},{"mode":"managed","type":"aws_security_group","name":"instance","provider":"provider[\"registry.opentofu.org/hashicorp/aws\"]","instances":[{"schema_version":1,"attributes":{"arn":"arn:aws:ec2:eu-west-1:280144399698:security-group/sg-02e39f2ce4d0962b6","description":"Allow app traffic from ALB and all outbound traffic","egress":[{"cidr_blocks":["0.0.0.0/0"],"description":"","from_port":0,"ipv6_cidr_blocks":[],"prefix_list_ids":[],"protocol":"-1","security_groups":[],"self":false,"to_port":0}],"id":"sg-02e39f2ce4d0962b6","ingress":[{"cidr_blocks":[],"description":"","from_port":8000,"ipv6_cidr_blocks":[],"prefix_list_ids":[],"protocol":"tcp","security_groups":["sg-0042f878a777dd311"],"self":false,"to_port":8000},{"cidr_blocks":[],"description":"","from_port":80,"ipv6_cidr_blocks":[],"prefix_list_ids":[],"protocol":"tcp","security_groups":["sg-0042f878a777dd311"],"self":false,"to_port":80}],"name":"docker-instance-sg","name_prefix":"","owner_id":"280144399698","revoke_rules_on_delete":false,"tags":{"Name":"docker-instance-sg"},"tags_all":{"Name":"docker-instance-sg"},"timeouts":null,"vpc_id":"vpc-08f4ee0a0e66d239e"},"sensitive_attributes":[],"private":"eyJlMmJmYjczMC1lY2FhLTExZTYtOGY4OC0zNDM2M2JjN2M0YzAiOnsiY3JlYXRlIjo2MDAwMDAwMDAwMDAsImRlbGV0ZSI6OTAwMDAwMDAwMDAwfSwic2NoZW1hX3ZlcnNpb24iOiIxIn0=","dependencies":["aws_security_group.alb","aws_vpc.main"],"create_before_destroy":true}]},{"mode":"managed","type":"aws_subnet","name":"private","provider":"provider[\"registry.opentofu.org/hashicorp/aws\"]","instances":[{"schema_version":1,"attributes":{"arn":"arn:aws:ec2:eu-west-1:280144399698:subnet/subnet-070714a5d66997b0f","assign_ipv6_address_on_creation":false,"availability_zone":"eu-west-1a","availability_zone_id":"euw1-az2","cidr_block":"10.0.11.0/24","customer_owned_ipv4_pool":"","enable_dns64":false,"enable_lni_at_device_index":0,"enable_resource_name_dns_a_record_on_launch":false,"enable_resource_name_dns_aaaa_record_on_launch":false,"id":"subnet-070714a5d66997b0f","ipv6_cidr_block":"","ipv6_cidr_block_association_id":"","ipv6_native":false,"map_customer_owned_ip_on_launch":false,"map_public_ip_on_launch":false,"outpost_arn":"","owner_id":"280144399698","private_dns_hostname_type_on_launch":"ip-name","tags":{"Name":"docker-private-subnet"},"tags_all":{"Name":"docker-private-subnet"},"timeouts":null,"vpc_id":"vpc-08f4ee0a0e66d239e"},"sensitive_attributes":[],"private":"eyJlMmJmYjczMC1lY2FhLTExZTYtOGY4OC0zNDM2M2JjN2M0YzAiOnsiY3JlYXRlIjo2MDAwMDAwMDAwMDAsImRlbGV0ZSI6MTIwMDAwMDAwMDAwMH0sInNjaGVtYV92ZXJzaW9uIjoiMSJ9","dependencies":["aws_vpc.main"],"create_before_destroy":true}]},{"mode":"managed","type":"aws_subnet","name":"private_b","provider":"provider[\"registry.opentofu.org/hashicorp/aws\"]","instances":[{"schema_version":1,"attributes":{"arn":"arn:aws:ec2:eu-west-1:280144399698:subnet/subnet-014b800869d44f3c0","assign_ipv6_address_on_creation":false,"availability_zone":"eu-west-1b","availability_zone_id":"euw1-az3","cidr_block":"10.0.12.0/24","customer_owned_ipv4_pool":"","enable_dns64":false,"enable_lni_at_device_index":0,"enable_resource_name_dns_a_record_on_launch":false,"enable_resource_name_dns_aaaa_record_on_launch":false,"id":"subnet-014b800869d44f3c0","ipv6_cidr_block":"","ipv6_cidr_block_association_id":"","ipv6_native":false,"map_customer_owned_ip_on_launch":false,"map_public_ip_on_launch":false,"outpost_arn":"","owner_id":"280144399698","private_dns_hostname_type_on_launch":"ip-name","tags":{"Name":"docker-private-subnet-b"},"tags_all":{"Name":"docker-private-subnet-b"},"timeouts":null,"vpc_id":"vpc-08f4ee0a0e66d239e"},"sensitive_attributes":[],"private":"eyJlMmJmYjczMC1lY2FhLTExZTYtOGY4OC0zNDM2M2JjN2M0YzAiOnsiY3JlYXRlIjo2MDAwMDAwMDAwMDAsImRlbGV0ZSI6MTIwMDAwMDAwMDAwMH0sInNjaGVtYV92ZXJzaW9uIjoiMSJ9","dependencies":["aws_vpc.main"],"create_before_destroy":true}]},{"mode":"managed","type":"aws_subnet","name":"public","provider":"provider[\"registry.opentofu.org/hashicorp/aws\"]","instances":[{"schema_version":1,"attributes":{"arn":"arn:aws:ec2:eu-west-1:280144399698:subnet/subnet-02eb03a5fee7ae48b","assign_ipv6_address_on_creation":false,"availability_zone":"eu-west-1a","availability_zone_id":"euw1-az2","cidr_block":"10.0.1.0/24","customer_owned_ipv4_pool":"","enable_dns64":false,"enable_lni_at_device_index":0,"enable_resource_name_dns_a_record_on_launch":false,"enable_resource_name_dns_aaaa_record_on_launch":false,"id":"subnet-02eb03a5fee7ae48b","ipv6_cidr_block":"","ipv6_cidr_block_association_id":"","ipv6_native":false,"map_customer_owned_ip_on_launch":false,"map_public_ip_on_launch":true,"outpost_arn":"","owner_id":"280144399698","private_dns_hostname_type_on_launch":"ip-name","tags":{"Name":"docker-public-subnet"},"tags_all":{"Name":"docker-public-subnet"},"timeouts":null,"vpc_id":"vpc-08f4ee0a0e66d239e"},"sensitive_attributes":[],"private":"eyJlMmJmYjczMC1lY2FhLTExZTYtOGY4OC0zNDM2M2JjN2M0YzAiOnsiY3JlYXRlIjo2MDAwMDAwMDAwMDAsImRlbGV0ZSI6MTIwMDAwMDAwMDAwMH0sInNjaGVtYV92ZXJzaW9uIjoiMSJ9","dependencies":["aws_vpc.main"]}]},{"mode":"managed","type":"aws_subnet","name":"public_b","provider":"provider[\"registry.opentofu.org/hashicorp/aws\"]","instances":[{"schema_version":1,"attributes":{"arn":"arn:aws:ec2:eu-west-1:280144399698:subnet/subnet-0a450cf18916efc3d","assign_ipv6_address_on_creation":false,"availability_zone":"eu-west-1b","availability_zone_id":"euw1-az3","cidr_block":"10.0.2.0/24","customer_owned_ipv4_pool":"","enable_dns64":false,"enable_lni_at_device_index":0,"enable_resource_name_dns_a_record_on_launch":false,"enable_resource_name_dns_aaaa_record_on_launch":false,"id":"subnet-0a450cf18916efc3d","ipv6_cidr_block":"","ipv6_cidr_block_association_id":"","ipv6_native":false,"map_customer_owned_ip_on_launch":false,"map_public_ip_on_launch":true,"outpost_arn":"","owner_id":"280144399698","private_dns_hostname_type_on_launch":"ip-name","tags":{"Name":"docker-public-subnet-b"},"tags_all":{"Name":"docker-public-subnet-b"},"timeouts":null,"vpc_id":"vpc-08f4ee0a0e66d239e"},"sensitive_attributes":[],"private":"eyJlMmJmYjczMC1lY2FhLTExZTYtOGY4OC0zNDM2M2JjN2M0YzAiOnsiY3JlYXRlIjo2MDAwMDAwMDAwMDAsImRlbGV0ZSI6MTIwMDAwMDAwMDAwMH0sInNjaGVtYV92ZXJzaW9uIjoiMSJ9","dependencies":["aws_vpc.main"]}]},{"mode":"managed","type":"aws_vpc","name":"main","provider":"provider[\"registry.opentofu.org/hashicorp/aws\"]","instances":[{"schema_version":1,"attributes":{"arn":"arn:aws:ec2:eu-west-1:280144399698:vpc/vpc-08f4ee0a0e66d239e","assign_generated_ipv6_cidr_block":false,"cidr_block":"10.0.0.0/16","default_network_acl_id":"acl-0d030005d29d2dc01","default_route_table_id":"rtb-046ffb5d8dd0ca586","default_security_group_id":"sg-0952901d81adf80f1","dhcp_options_id":"dopt-05969bfaaf2d71d83","enable_dns_hostnames":true,"enable_dns_support":true,"enable_network_address_usage_metrics":false,"id":"vpc-08f4ee0a0e66d239e","instance_tenancy":"default","ipv4_ipam_pool_id":null,"ipv4_netmask_length":null,"ipv6_association_id":"","ipv6_cidr_block":"","ipv6_cidr_block_network_border_group":"","ipv6_ipam_pool_id":"","ipv6_netmask_length":0,"main_route_table_id":"rtb-046ffb5d8dd0ca586","owner_id":"280144399698","tags":{"Name":"docker-vpc"},"tags_all":{"Name":"docker-vpc"}},"sensitive_attributes":[],"private":"eyJzY2hlbWFfdmVyc2lvbiI6IjEifQ==","create_before_destroy":true}]}],"check_results":null}
